github.com/Skele878/bookstore_utils-go v0.0.0-20240413190939-3efc50715252 h1:Vo1QjOWQ6PQQo7pl9GKbUbavMl4gwOALHRt+x+YuQO8=
github.com/Skele878/bookstore_utils-go v0.0.0-20240413190939-3efc50715252/go.mod h1:NoQs/O0112RqMrHK/Ptu++II4mef8E80sh527jCxl3o=
github.com/mercadolibre/golang-restclient v0.0.0-20170701022150-51958130a0a0 h1:EDOjA2IGgjSBlPlnW7CzBUo/o410SMiFh670jP29Kc4=
github.com/mercadolibre/golang-restclient v0.0.0-20170701022150-51958130a0a0/go.mod h1:Z7qYja4aGk/RWl1yJtN1LXRvC7Hsbq8SEbqWWDrMqMs=
